
Microsoft Visual Studio Solution File, Format Version 12.00
Project("{FAE04EC0-301F-11D3-BF4B-00C04F79EFBC}") = "ProductService", "ProductService\ProductService.csproj", "{B6E054F7-3872-4638-93AB-7C1497A616FF}"
EndProject
Project("{FAE04EC0-301F-11D3-BF4B-00C04F79EFBC}") = "CartService", "CartService\CartService.csproj", "{73C22CF1-BE97-4F0C-BB67-17185ECE84A6}"
EndProject
Project("{FAE04EC0-301F-11D3-BF4B-00C04F79EFBC}") = "IdentityService", "IdentityService\IdentityService.csproj", "{A46716B2-560A-43A4-85FD-E286B1667C1B}"
EndProject
Project("{FAE04EC0-301F-11D3-BF4B-00C04F79EFBC}") = "GatewayService", "GatewayService\GatewayService.csproj", "{94DCB884-EF36-406A-8FB0-A327F7272CF4}"
EndProject
Project("{FAE04EC0-301F-11D3-BF4B-00C04F79EFBC}") = "OrderingService", "OrderingService\OrderingService.csproj", "{01ADDCCA-C473-49FA-BC9D-E54014DD7FA1}"
EndProject
Project("{FAE04EC0-301F-11D3-BF4B-00C04F79EFBC}") = "NotificationService", "NotificationService\NotificationService.csproj", "{2E1CDC50-94F7-428A-862A-E222591528E0}"
EndProject
Project("{FAE04EC0-301F-11D3-BF4B-00C04F79EFBC}") = "PaymentService", "PaymentService\PaymentService.csproj", "{9ECFDD1D-AC09-4152-A388-02A3C8F514A9}"
EndProject
Project("{FAE04EC0-301F-11D3-BF4B-00C04F79EFBC}") = "InventoryService", "InventoryService\InventoryService.csproj", "{2AE76822-0431-4859-AC4F-535F59EADC06}"
EndProject
Project("{FAE04EC0-301F-11D3-BF4B-00C04F79EFBC}") = "AnalyticsService", "AnalyticsService\AnalyticsService.csproj", "{53C7D559-22F5-4221-B2C4-D45AF8B70090}"
EndProject
Project("{FAE04EC0-301F-11D3-BF4B-00C04F79EFBC}") = "EmailService", "EmailService\EmailService.csproj", "{4E999ED7-8873-4E57-BF9D-4596B83F78CE}"
EndProject
Project("{FAE04EC0-301F-11D3-BF4B-00C04F79EFBC}") = "AuditService", "AuditService\AuditService.csproj", "{5A31AEAF-BB9D-42E9-BCC9-F2FA74BE5D69}"
EndProject
Project("{FAE04EC0-301F-11D3-BF4B-00C04F79EFBC}") = "Shared", "Shared\Shared.csproj", "{DAFB7E3F-976C-4B70-AAD7-DB9EB09310F5}"
EndProject
Global
	GlobalSection(SolutionConfigurationPlatforms) = preSolution
		Debug|Any CPU = Debug|Any CPU
		Debug|x64 = Debug|x64
		Debug|x86 = Debug|x86
		Release|Any CPU = Release|Any CPU
		Release|x64 = Release|x64
		Release|x86 = Release|x86
	EndGlobalSection
	GlobalSection(ProjectConfigurationPlatforms) = postSolution
		{B6E054F7-3872-4638-93AB-7C1497A616FF}.Debug|Any CPU.ActiveCfg = Debug|Any CPU
		{B6E054F7-3872-4638-93AB-7C1497A616FF}.Debug|Any CPU.Build.0 = Debug|Any CPU
		{B6E054F7-3872-4638-93AB-7C1497A616FF}.Debug|x64.ActiveCfg = Debug|Any CPU
		{B6E054F7-3872-4638-93AB-7C1497A616FF}.Debug|x64.Build.0 = Debug|Any CPU
		{B6E054F7-3872-4638-93AB-7C1497A616FF}.Debug|x86.ActiveCfg = Debug|Any CPU
		{B6E054F7-3872-4638-93AB-7C1497A616FF}.Debug|x86.Build.0 = Debug|Any CPU
		{B6E054F7-3872-4638-93AB-7C1497A616FF}.Release|Any CPU.ActiveCfg = Release|Any CPU
		{B6E054F7-3872-4638-93AB-7C1497A616FF}.Release|Any CPU.Build.0 = Release|Any CPU
		{B6E054F7-3872-4638-93AB-7C1497A616FF}.Release|x64.ActiveCfg = Release|Any CPU
		{B6E054F7-3872-4638-93AB-7C1497A616FF}.Release|x64.Build.0 = Release|Any CPU
		{B6E054F7-3872-4638-93AB-7C1497A616FF}.Release|x86.ActiveCfg = Release|Any CPU
		{B6E054F7-3872-4638-93AB-7C1497A616FF}.Release|x86.Build.0 = Release|Any CPU
		{73C22CF1-BE97-4F0C-BB67-17185ECE84A6}.Debug|Any CPU.ActiveCfg = Debug|Any CPU
		{73C22CF1-BE97-4F0C-BB67-17185ECE84A6}.Debug|Any CPU.Build.0 = Debug|Any CPU
		{73C22CF1-BE97-4F0C-BB67-17185ECE84A6}.Debug|x64.ActiveCfg = Debug|Any CPU
		{73C22CF1-BE97-4F0C-BB67-17185ECE84A6}.Debug|x64.Build.0 = Debug|Any CPU
		{73C22CF1-BE97-4F0C-BB67-17185ECE84A6}.Debug|x86.ActiveCfg = Debug|Any CPU
		{73C22CF1-BE97-4F0C-BB67-17185ECE84A6}.Debug|x86.Build.0 = Debug|Any CPU
		{73C22CF1-BE97-4F0C-BB67-17185ECE84A6}.Release|Any CPU.ActiveCfg = Release|Any CPU
		{73C22CF1-BE97-4F0C-BB67-17185ECE84A6}.Release|Any CPU.Build.0 = Release|Any CPU
		{73C22CF1-BE97-4F0C-BB67-17185ECE84A6}.Release|x64.ActiveCfg = Release|Any CPU
		{73C22CF1-BE97-4F0C-BB67-17185ECE84A6}.Release|x64.Build.0 = Release|Any CPU
		{73C22CF1-BE97-4F0C-BB67-17185ECE84A6}.Release|x86.ActiveCfg = Release|Any CPU
		{73C22CF1-BE97-4F0C-BB67-17185ECE84A6}.Release|x86.Build.0 = Release|Any CPU
		{A46716B2-560A-43A4-85FD-E286B1667C1B}.Debug|Any CPU.ActiveCfg = Debug|Any CPU
		{A46716B2-560A-43A4-85FD-E286B1667C1B}.Debug|Any CPU.Build.0 = Debug|Any CPU
		{A46716B2-560A-43A4-85FD-E286B1667C1B}.Debug|x64.ActiveCfg = Debug|Any CPU
		{A46716B2-560A-43A4-85FD-E286B1667C1B}.Debug|x64.Build.0 = Debug|Any CPU
		{A46716B2-560A-43A4-85FD-E286B1667C1B}.Debug|x86.ActiveCfg = Debug|Any CPU
		{A46716B2-560A-43A4-85FD-E286B1667C1B}.Debug|x86.Build.0 = Debug|Any CPU
		{A46716B2-560A-43A4-85FD-E286B1667C1B}.Release|Any CPU.ActiveCfg = Release|Any CPU
		{A46716B2-560A-43A4-85FD-E286B1667C1B}.Release|Any CPU.Build.0 = Release|Any CPU
		{A46716B2-560A-43A4-85FD-E286B1667C1B}.Release|x64.ActiveCfg = Release|Any CPU
		{A46716B2-560A-43A4-85FD-E286B1667C1B}.Release|x64.Build.0 = Release|Any CPU
		{A46716B2-560A-43A4-85FD-E286B1667C1B}.Release|x86.ActiveCfg = Release|Any CPU
		{A46716B2-560A-43A4-85FD-E286B1667C1B}.Release|x86.Build.0 = Release|Any CPU
		{94DCB884-EF36-406A-8FB0-A327F7272CF4}.Debug|Any CPU.ActiveCfg = Debug|Any CPU
		{94DCB884-EF36-406A-8FB0-A327F7272CF4}.Debug|Any CPU.Build.0 = Debug|Any CPU
		{94DCB884-EF36-406A-8FB0-A327F7272CF4}.Debug|x64.ActiveCfg = Debug|Any CPU
		{94DCB884-EF36-406A-8FB0-A327F7272CF4}.Debug|x64.Build.0 = Debug|Any CPU
		{94DCB884-EF36-406A-8FB0-A327F7272CF4}.Debug|x86.ActiveCfg = Debug|Any CPU
		{94DCB884-EF36-406A-8FB0-A327F7272CF4}.Debug|x86.Build.0 = Debug|Any CPU
		{94DCB884-EF36-406A-8FB0-A327F7272CF4}.Release|Any CPU.ActiveCfg = Release|Any CPU
		{94DCB884-EF36-406A-8FB0-A327F7272CF4}.Release|Any CPU.Build.0 = Release|Any CPU
		{94DCB884-EF36-406A-8FB0-A327F7272CF4}.Release|x64.ActiveCfg = Release|Any CPU
		{94DCB884-EF36-406A-8FB0-A327F7272CF4}.Release|x64.Build.0 = Release|Any CPU
		{94DCB884-EF36-406A-8FB0-A327F7272CF4}.Release|x86.ActiveCfg = Release|Any CPU
		{94DCB884-EF36-406A-8FB0-A327F7272CF4}.Release|x86.Build.0 = Release|Any CPU
		{01ADDCCA-C473-49FA-BC9D-E54014DD7FA1}.Debug|Any CPU.ActiveCfg = Debug|Any CPU
		{01ADDCCA-C473-49FA-BC9D-E54014DD7FA1}.Debug|Any CPU.Build.0 = Debug|Any CPU
		{01ADDCCA-C473-49FA-BC9D-E54014DD7FA1}.Debug|x64.ActiveCfg = Debug|Any CPU
		{01ADDCCA-C473-49FA-BC9D-E54014DD7FA1}.Debug|x64.Build.0 = Debug|Any CPU
		{01ADDCCA-C473-49FA-BC9D-E54014DD7FA1}.Debug|x86.ActiveCfg = Debug|Any CPU
		{01ADDCCA-C473-49FA-BC9D-E54014DD7FA1}.Debug|x86.Build.0 = Debug|Any CPU
		{01ADDCCA-C473-49FA-BC9D-E54014DD7FA1}.Release|Any CPU.ActiveCfg = Release|Any CPU
		{01ADDCCA-C473-49FA-BC9D-E54014DD7FA1}.Release|Any CPU.Build.0 = Release|Any CPU
		{01ADDCCA-C473-49FA-BC9D-E54014DD7FA1}.Release|x64.ActiveCfg = Release|Any CPU
		{01ADDCCA-C473-49FA-BC9D-E54014DD7FA1}.Release|x64.Build.0 = Release|Any CPU
		{01ADDCCA-C473-49FA-BC9D-E54014DD7FA1}.Release|x86.ActiveCfg = Release|Any CPU
		{01ADDCCA-C473-49FA-BC9D-E54014DD7FA1}.Release|x86.Build.0 = Release|Any CPU
		{2E1CDC50-94F7-428A-862A-E222591528E0}.Debug|Any CPU.ActiveCfg = Debug|Any CPU
		{2E1CDC50-94F7-428A-862A-E222591528E0}.Debug|Any CPU.Build.0 = Debug|Any CPU
		{2E1CDC50-94F7-428A-862A-E222591528E0}.Debug|x64.ActiveCfg = Debug|Any CPU
		{2E1CDC50-94F7-428A-862A-E222591528E0}.Debug|x64.Build.0 = Debug|Any CPU
		{2E1CDC50-94F7-428A-862A-E222591528E0}.Debug|x86.ActiveCfg = Debug|Any CPU
		{2E1CDC50-94F7-428A-862A-E222591528E0}.Debug|x86.Build.0 = Debug|Any CPU
		{2E1CDC50-94F7-428A-862A-E222591528E0}.Release|Any CPU.ActiveCfg = Release|Any CPU
		{2E1CDC50-94F7-428A-862A-E222591528E0}.Release|Any CPU.Build.0 = Release|Any CPU
		{2E1CDC50-94F7-428A-862A-E222591528E0}.Release|x64.ActiveCfg = Release|Any CPU
		{2E1CDC50-94F7-428A-862A-E222591528E0}.Release|x64.Build.0 = Release|Any CPU
		{2E1CDC50-94F7-428A-862A-E222591528E0}.Release|x86.ActiveCfg = Release|Any CPU
		{2E1CDC50-94F7-428A-862A-E222591528E0}.Release|x86.Build.0 = Release|Any CPU
		{9ECFDD1D-AC09-4152-A388-02A3C8F514A9}.Debug|Any CPU.ActiveCfg = Debug|Any CPU
		{9ECFDD1D-AC09-4152-A388-02A3C8F514A9}.Debug|Any CPU.Build.0 = Debug|Any CPU
		{9ECFDD1D-AC09-4152-A388-02A3C8F514A9}.Debug|x64.ActiveCfg = Debug|Any CPU
		{9ECFDD1D-AC09-4152-A388-02A3C8F514A9}.Debug|x64.Build.0 = Debug|Any CPU
		{9ECFDD1D-AC09-4152-A388-02A3C8F514A9}.Debug|x86.ActiveCfg = Debug|Any CPU
		{9ECFDD1D-AC09-4152-A388-02A3C8F514A9}.Debug|x86.Build.0 = Debug|Any CPU
		{9ECFDD1D-AC09-4152-A388-02A3C8F514A9}.Release|Any CPU.ActiveCfg = Release|Any CPU
		{9ECFDD1D-AC09-4152-A388-02A3C8F514A9}.Release|Any CPU.Build.0 = Release|Any CPU
		{9ECFDD1D-AC09-4152-A388-02A3C8F514A9}.Release|x64.ActiveCfg = Release|Any CPU
		{9ECFDD1D-AC09-4152-A388-02A3C8F514A9}.Release|x64.Build.0 = Release|Any CPU
		{9ECFDD1D-AC09-4152-A388-02A3C8F514A9}.Release|x86.ActiveCfg = Release|Any CPU
		{9ECFDD1D-AC09-4152-A388-02A3C8F514A9}.Release|x86.Build.0 = Release|Any CPU
		{2AE76822-0431-4859-AC4F-535F59EADC06}.Debug|Any CPU.ActiveCfg = Debug|Any CPU
		{2AE76822-0431-4859-AC4F-535F59EADC06}.Debug|Any CPU.Build.0 = Debug|Any CPU
		{2AE76822-0431-4859-AC4F-535F59EADC06}.Debug|x64.ActiveCfg = Debug|Any CPU
		{2AE76822-0431-4859-AC4F-535F59EADC06}.Debug|x64.Build.0 = Debug|Any CPU
		{2AE76822-0431-4859-AC4F-535F59EADC06}.Debug|x86.ActiveCfg = Debug|Any CPU
		{2AE76822-0431-4859-AC4F-535F59EADC06}.Debug|x86.Build.0 = Debug|Any CPU
		{2AE76822-0431-4859-AC4F-535F59EADC06}.Release|Any CPU.ActiveCfg = Release|Any CPU
		{2AE76822-0431-4859-AC4F-535F59EADC06}.Release|Any CPU.Build.0 = Release|Any CPU
		{2AE76822-0431-4859-AC4F-535F59EADC06}.Release|x64.ActiveCfg = Release|Any CPU
		{2AE76822-0431-4859-AC4F-535F59EADC06}.Release|x64.Build.0 = Release|Any CPU
		{2AE76822-0431-4859-AC4F-535F59EADC06}.Release|x86.ActiveCfg = Release|Any CPU
		{2AE76822-0431-4859-AC4F-535F59EADC06}.Release|x86.Build.0 = Release|Any CPU
		{53C7D559-22F5-4221-B2C4-D45AF8B70090}.Debug|Any CPU.ActiveCfg = Debug|Any CPU
		{53C7D559-22F5-4221-B2C4-D45AF8B70090}.Debug|Any CPU.Build.0 = Debug|Any CPU
		{53C7D559-22F5-4221-B2C4-D45AF8B70090}.Debug|x64.ActiveCfg = Debug|Any CPU
		{53C7D559-22F5-4221-B2C4-D45AF8B70090}.Debug|x64.Build.0 = Debug|Any CPU
		{53C7D559-22F5-4221-B2C4-D45AF8B70090}.Debug|x86.ActiveCfg = Debug|Any CPU
		{53C7D559-22F5-4221-B2C4-D45AF8B70090}.Debug|x86.Build.0 = Debug|Any CPU
		{53C7D559-22F5-4221-B2C4-D45AF8B70090}.Release|Any CPU.ActiveCfg = Release|Any CPU
		{53C7D559-22F5-4221-B2C4-D45AF8B70090}.Release|Any CPU.Build.0 = Release|Any CPU
		{53C7D559-22F5-4221-B2C4-D45AF8B70090}.Release|x64.ActiveCfg = Release|Any CPU
		{53C7D559-22F5-4221-B2C4-D45AF8B70090}.Release|x64.Build.0 = Release|Any CPU
		{53C7D559-22F5-4221-B2C4-D45AF8B70090}.Release|x86.ActiveCfg = Release|Any CPU
		{53C7D559-22F5-4221-B2C4-D45AF8B70090}.Release|x86.Build.0 = Release|Any CPU
		{4E999ED7-8873-4E57-BF9D-4596B83F78CE}.Debug|Any CPU.ActiveCfg = Debug|Any CPU
		{4E999ED7-8873-4E57-BF9D-4596B83F78CE}.Debug|Any CPU.Build.0 = Debug|Any CPU
		{4E999ED7-8873-4E57-BF9D-4596B83F78CE}.Debug|x64.ActiveCfg = Debug|Any CPU
		{4E999ED7-8873-4E57-BF9D-4596B83F78CE}.Debug|x64.Build.0 = Debug|Any CPU
		{4E999ED7-8873-4E57-BF9D-4596B83F78CE}.Debug|x86.ActiveCfg = Debug|Any CPU
		{4E999ED7-8873-4E57-BF9D-4596B83F78CE}.Debug|x86.Build.0 = Debug|Any CPU
		{4E999ED7-8873-4E57-BF9D-4596B83F78CE}.Release|Any CPU.ActiveCfg = Release|Any CPU
		{4E999ED7-8873-4E57-BF9D-4596B83F78CE}.Release|Any CPU.Build.0 = Release|Any CPU
		{4E999ED7-8873-4E57-BF9D-4596B83F78CE}.Release|x64.ActiveCfg = Release|Any CPU
		{4E999ED7-8873-4E57-BF9D-4596B83F78CE}.Release|x64.Build.0 = Release|Any CPU
		{4E999ED7-8873-4E57-BF9D-4596B83F78CE}.Release|x86.ActiveCfg = Release|Any CPU
		{4E999ED7-8873-4E57-BF9D-4596B83F78CE}.Release|x86.Build.0 = Release|Any CPU
		{5A31AEAF-BB9D-42E9-BCC9-F2FA74BE5D69}.Debug|Any CPU.ActiveCfg = Debug|Any CPU
		{5A31AEAF-BB9D-42E9-BCC9-F2FA74BE5D69}.Debug|Any CPU.Build.0 = Debug|Any CPU
		{5A31AEAF-BB9D-42E9-BCC9-F2FA74BE5D69}.Debug|x64.ActiveCfg = Debug|Any CPU
		{5A31AEAF-BB9D-42E9-BCC9-F2FA74BE5D69}.Debug|x64.Build.0 = Debug|Any CPU
		{5A31AEAF-BB9D-42E9-BCC9-F2FA74BE5D69}.Debug|x86.ActiveCfg = Debug|Any CPU
		{5A31AEAF-BB9D-42E9-BCC9-F2FA74BE5D69}.Debug|x86.Build.0 = Debug|Any CPU
		{5A31AEAF-BB9D-42E9-BCC9-F2FA74BE5D69}.Release|Any CPU.ActiveCfg = Release|Any CPU
		{5A31AEAF-BB9D-42E9-BCC9-F2FA74BE5D69}.Release|Any CPU.Build.0 = Release|Any CPU
		{5A31AEAF-BB9D-42E9-BCC9-F2FA74BE5D69}.Release|x64.ActiveCfg = Release|Any CPU
		{5A31AEAF-BB9D-42E9-BCC9-F2FA74BE5D69}.Release|x64.Build.0 = Release|Any CPU
		{5A31AEAF-BB9D-42E9-BCC9-F2FA74BE5D69}.Release|x86.ActiveCfg = Release|Any CPU
		{5A31AEAF-BB9D-42E9-BCC9-F2FA74BE5D69}.Release|x86.Build.0 = Release|Any CPU
		{DAFB7E3F-976C-4B70-AAD7-DB9EB09310F5}.Debug|Any CPU.ActiveCfg = Debug|Any CPU
		{DAFB7E3F-976C-4B70-AAD7-DB9EB09310F5}.Debug|Any CPU.Build.0 = Debug|Any CPU
		{DAFB7E3F-976C-4B70-AAD7-DB9EB09310F5}.Debug|x64.ActiveCfg = Debug|Any CPU
		{DAFB7E3F-976C-4B70-AAD7-DB9EB09310F5}.Debug|x64.Build.0 = Debug|Any CPU
		{DAFB7E3F-976C-4B70-AAD7-DB9EB09310F5}.Debug|x86.ActiveCfg = Debug|Any CPU
		{DAFB7E3F-976C-4B70-AAD7-DB9EB09310F5}.Debug|x86.Build.0 = Debug|Any CPU
		{DAFB7E3F-976C-4B70-AAD7-DB9EB09310F5}.Release|Any CPU.ActiveCfg = Release|Any CPU
		{DAFB7E3F-976C-4B70-AAD7-DB9EB09310F5}.Release|Any CPU.Build.0 = Release|Any CPU
		{DAFB7E3F-976C-4B70-AAD7-DB9EB09310F5}.Release|x64.ActiveCfg = Release|Any CPU
		{DAFB7E3F-976C-4B70-AAD7-DB9EB09310F5}.Release|x64.Build.0 = Release|Any CPU
		{DAFB7E3F-976C-4B70-AAD7-DB9EB09310F5}.Release|x86.ActiveCfg = Release|Any CPU
		{DAFB7E3F-976C-4B70-AAD7-DB9EB09310F5}.Release|x86.Build.0 = Release|Any CPU
	EndGlobalSection
	GlobalSection(SolutionProperties) = preSolution
		HideSolutionNode = FALSE
	EndGlobalSection
EndGlobal
